
Microsoft Visual Studio Solution File, Format Version 12.00
# Visual Studio Version 17
VisualStudioVersion = 17.6.33712.159
MinimumVisualStudioVersion = 10.0.40219.1
Project("{FAE04EC0-301F-11D3-BF4B-00C04F79EFBC}") = "EasyAuthentication", "EasyAuthentication.csproj", "{8453D66B-A75E-4F18-BA1C-1A632745B08D}"
EndProject
Global
	GlobalSection(SolutionConfigurationPlatforms) = preSolution
		Debug|Any CPU = Debug|Any CPU
		Release|Any CPU = Release|Any CPU
	EndGlobalSection
	GlobalSection(ProjectConfigurationPlatforms) = postSolution
		{8453D66B-A75E-4F18-BA1C-1A632745B08D}.Debug|Any CPU.ActiveCfg = Debug|Any CPU
		{8453D66B-A75E-4F18-BA1C-1A632745B08D}.Debug|Any CPU.Build.0 = Debug|Any CPU
		{8453D66B-A75E-4F18-BA1C-1A632745B08D}.Release|Any CPU.ActiveCfg = Release|Any CPU
		{8453D66B-A75E-4F18-BA1C-1A632745B08D}.Release|Any CPU.Build.0 = Release|Any CPU
	EndGlobalSection
	GlobalSection(SolutionProperties) = preSolution
		HideSolutionNode = FALSE
	EndGlobalSection
	GlobalSection(ExtensibilityGlobals) = postSolution
		SolutionGuid = {D9B35971-1669-4645-90A8-9138E890DDF8}
	EndGlobalSection
EndGlobal
